
Microsoft Visual Studio Solution File, Format Version 12.00
# Visual Studio 15
VisualStudioVersion = 15.0.28307.572
MinimumVisualStudioVersion = 10.0.40219.1
Project("{FAE04EC0-301F-11D3-BF4B-00C04F79EFBC}") = "RestSharpSample", "RestSharpSample\RestSharpSample.csproj", "{7D6AB944-4414-446A-9CA6-4FA23813DBFA}"
EndProject
Global
	GlobalSection(SolutionConfigurationPlatforms) = preSolution
		Debug|Any CPU = Debug|Any CPU
		Release|Any CPU = Release|Any CPU
	EndGlobalSection
	GlobalSection(ProjectConfigurationPlatforms) = postSolution
		{7D6AB944-4414-446A-9CA6-4FA23813DBFA}.Debug|Any CPU.ActiveCfg = Debug|Any CPU
		{7D6AB944-4414-446A-9CA6-4FA23813DBFA}.Debug|Any CPU.Build.0 = Debug|Any CPU
		{7D6AB944-4414-446A-9CA6-4FA23813DBFA}.Release|Any CPU.ActiveCfg = Release|Any CPU
		{7D6AB944-4414-446A-9CA6-4FA23813DBFA}.Release|Any CPU.Build.0 = Release|Any CPU
	EndGlobalSection
	GlobalSection(SolutionProperties) = preSolution
		HideSolutionNode = FALSE
	EndGlobalSection
	GlobalSection(ExtensibilityGlobals) = postSolution
		SolutionGuid = {A8ABB12B-D5A9-4A2C-ACDB-CE8FE00F187E}
	EndGlobalSection
EndGlobal
